
Microsoft Visual Studio Solution File, Format Version 12.00
# Visual Studio Version 16
VisualStudioVersion = 16.0.30005.37
MinimumVisualStudioVersion = 10.0.40219.1
Project("{FAE04EC0-301F-11D3-BF4B-00C04F79EFBC}") = "NorthwindTradersBikeShop", "NorthwindTradersBikeShop\NorthwindTradersBikeShop.csproj", "{B6C9FEC2-653B-4272-9F96-68203BC71324}"
EndProject
Global
	GlobalSection(SolutionConfigurationPlatforms) = preSolution
		Debug|Any CPU = Debug|Any CPU
		Release|Any CPU = Release|Any CPU
	EndGlobalSection
	GlobalSection(ProjectConfigurationPlatforms) = postSolution
		{B6C9FEC2-653B-4272-9F96-68203BC71324}.Debug|Any CPU.ActiveCfg = Debug|Any CPU
		{B6C9FEC2-653B-4272-9F96-68203BC71324}.Debug|Any CPU.Build.0 = Debug|Any CPU
		{B6C9FEC2-653B-4272-9F96-68203BC71324}.Release|Any CPU.ActiveCfg = Release|Any CPU
		{B6C9FEC2-653B-4272-9F96-68203BC71324}.Release|Any CPU.Build.0 = Release|Any CPU
	EndGlobalSection
	GlobalSection(SolutionProperties) = preSolution
		HideSolutionNode = FALSE
	EndGlobalSection
	GlobalSection(ExtensibilityGlobals) = postSolution
		SolutionGuid = {BF5065C6-DC8C-4681-9532-5D90F7387886}
	EndGlobalSection
EndGlobal
